
Microsoft Visual Studio Solution File, Format Version 12.00
# Visual Studio Version 17
VisualStudioVersion = 17.14.36301.6
MinimumVisualStudioVersion = 10.0.40219.1
Project("{FAE04EC0-301F-11D3-BF4B-00C04F79EFBC}") = "NetEase", "NetEase.csproj", "{8CA29EDB-4557-468E-AD54-8AC446097E57}"
EndProject
Project("{FAE04EC0-301F-11D3-BF4B-00C04F79EFBC}") = "MusicWebAPI", "..\MusicWebAPI\MusicWebAPI.csproj", "{46A94A30-619F-46B6-81EE-21F652E102C4}"
EndProject
Project("{FAE04EC0-301F-11D3-BF4B-00C04F79EFBC}") = "HttpClient", "..\HttpClient\HttpClient.csproj", "{08B06978-E377-43EB-A35E-E3677543C321}"
EndProject
Global
	GlobalSection(SolutionConfigurationPlatforms) = preSolution
		Debug|Any CPU = Debug|Any CPU
		Release|Any CPU = Release|Any CPU
	EndGlobalSection
	GlobalSection(ProjectConfigurationPlatforms) = postSolution
		{8CA29EDB-4557-468E-AD54-8AC446097E57}.Debug|Any CPU.ActiveCfg = Debug|Any CPU
		{8CA29EDB-4557-468E-AD54-8AC446097E57}.Debug|Any CPU.Build.0 = Debug|Any CPU
		{8CA29EDB-4557-468E-AD54-8AC446097E57}.Release|Any CPU.ActiveCfg = Release|Any CPU
		{8CA29EDB-4557-468E-AD54-8AC446097E57}.Release|Any CPU.Build.0 = Release|Any CPU
		{46A94A30-619F-46B6-81EE-21F652E102C4}.Debug|Any CPU.ActiveCfg = Debug|Any CPU
		{46A94A30-619F-46B6-81EE-21F652E102C4}.Debug|Any CPU.Build.0 = Debug|Any CPU
		{46A94A30-619F-46B6-81EE-21F652E102C4}.Release|Any CPU.ActiveCfg = Release|Any CPU
		{46A94A30-619F-46B6-81EE-21F652E102C4}.Release|Any CPU.Build.0 = Release|Any CPU
		{08B06978-E377-43EB-A35E-E3677543C321}.Debug|Any CPU.ActiveCfg = Debug|Any CPU
		{08B06978-E377-43EB-A35E-E3677543C321}.Debug|Any CPU.Build.0 = Debug|Any CPU
		{08B06978-E377-43EB-A35E-E3677543C321}.Release|Any CPU.ActiveCfg = Release|Any CPU
		{08B06978-E377-43EB-A35E-E3677543C321}.Release|Any CPU.Build.0 = Release|Any CPU
	EndGlobalSection
	GlobalSection(SolutionProperties) = preSolution
		HideSolutionNode = FALSE
	EndGlobalSection
	GlobalSection(ExtensibilityGlobals) = postSolution
		SolutionGuid = {8A8EED2E-418D-4B04-97E8-8EAD2A08CA37}
	EndGlobalSection
EndGlobal
